Microsoft Visual Studio Solution File, Format Version 12.00
# Visual Studio Version 17
VisualStudioVersion = 17.5.2.0
MinimumVisualStudioVersion = 10.0.40219.1
Project("{FAE04EC0-301F-11D3-BF4B-00C04F79EFBC}") = "PortfolioDotNet", "PortfolioDotNet.csproj", "{51244CA5-B7D6-F2FA-6726-5B24A95728D4}"
EndProject
Global
	GlobalSection(SolutionConfigurationPlatforms) = preSolution
		Debug|Any CPU = Debug|Any CPU
		Release|Any CPU = Release|Any CPU
	EndGlobalSection
	GlobalSection(ProjectConfigurationPlatforms) = postSolution
		{51244CA5-B7D6-F2FA-6726-5B24A95728D4}.Debug|Any CPU.ActiveCfg = Debug|Any CPU
		{51244CA5-B7D6-F2FA-6726-5B24A95728D4}.Debug|Any CPU.Build.0 = Debug|Any CPU
		{51244CA5-B7D6-F2FA-6726-5B24A95728D4}.Release|Any CPU.ActiveCfg = Release|Any CPU
		{51244CA5-B7D6-F2FA-6726-5B24A95728D4}.Release|Any CPU.Build.0 = Release|Any CPU
	EndGlobalSection
	GlobalSection(SolutionProperties) = preSolution
		HideSolutionNode = FALSE
	EndGlobalSection
	GlobalSection(ExtensibilityGlobals) = postSolution
		SolutionGuid = {61873E4E-8908-4C33-823D-C30FF6786751}
	EndGlobalSection
EndGlobal
